using System;
using System.Collections.Generic;
using System.Linq;
using System.Text;
using System.Threading.Tasks;

namespace Desafío_2__Clase_04

{
    class Program
    {
        static void Main(string[] args)
        {
            Console.WriteLine("Ingrese su numero de salarios minimos mensual legal vigentes");
            int smmlv = int.Parse(Console.ReadLine());

            if (smmlv < 2)
            {
                Console.WriteLine("Tarifa A");
                Console.WriteLine("Cuota Moderadora: $3.400");
            }
            else if (2 <= smmlv && smmlv <= 5)

            {
                Console.WriteLine("Tarifa B");
                Console.WriteLine("Cuota moderadora: $13.500");
            }
            else
            {
                Console.WriteLine("Tarifa C");
                Console.WriteLine("Cuota moderadora: $35.600");
            }

        }
    }
}
