
Microsoft Visual Studio Solution File, Format Version 12.00
# Visual Studio Version 16
VisualStudioVersion = 16.0.29709.97
MinimumVisualStudioVersion = 10.0.40219.1
Project("{FAE04EC0-301F-11D3-BF4B-00C04F79EFBC}") = "Desafío 2, Clase 04", "Desafío 2, Clase 04\Desafío 2, Clase 04.csproj", "{2774338F-F7AC-4315-9949-359D2634AFBC}"
EndProject
Global
	GlobalSection(SolutionConfigurationPlatforms) = preSolution
		Debug|Any CPU = Debug|Any CPU
		Release|Any CPU = Release|Any CPU
	EndGlobalSection
	GlobalSection(ProjectConfigurationPlatforms) = postSolution
		{2774338F-F7AC-4315-9949-359D2634AFBC}.Debug|Any CPU.ActiveCfg = Debug|Any CPU
		{2774338F-F7AC-4315-9949-359D2634AFBC}.Debug|Any CPU.Build.0 = Debug|Any CPU
		{2774338F-F7AC-4315-9949-359D2634AFBC}.Release|Any CPU.ActiveCfg = Release|Any CPU
		{2774338F-F7AC-4315-9949-359D2634AFBC}.Release|Any CPU.Build.0 = Release|Any CPU
	EndGlobalSection
	GlobalSection(SolutionProperties) = preSolution
		HideSolutionNode = FALSE
	EndGlobalSection
	GlobalSection(ExtensibilityGlobals) = postSolution
		SolutionGuid = {3D430F27-5566-4407-B37D-684624F45B5E}
	EndGlobalSection
EndGlobal
